<?xml version="1.0" encoding="utf-8"?>
<Project ToolsVersion="4.0" xmlns="http://schemas.microsoft.com/developer/msbuild/2003">
  <ItemGroup>
    <Filter Include="源文件">
      <UniqueIdentifier>{4FC737F1-C7A5-4376-A066-2A32D752A2FF}</UniqueIdentifier>
      <Extensions>cpp;c;cc;cxx;def;odl;idl;hpj;bat;asm;asmx</Extensions>
    </Filter>
    <Filter Include="头文件">
      <UniqueIdentifier>{93995380-89BD-4b04-88EB-625FBE52EBFB}</UniqueIdentifier>
      <Extensions>h;hh;hpp;hxx;hm;inl;inc;xsd</Extensions>
    </Filter>
    <Filter Include="资源文件">
      <UniqueIdentifier>{67DA6AB6-F800-4c08-8B7A-83BB121AAD01}</UniqueIdentifier>
      <Extensions>rc;ico;cur;bmp;dlg;rc2;rct;bin;rgs;gif;jpg;jpeg;jpe;resx;tiff;tif;png;wav;mfcribbon-ms</Extensions>
    </Filter>
    <Filter Include="include">
      <UniqueIdentifier>{4b3111c5-d629-4084-b1b3-a0960f9360f0}</UniqueIdentifier>
    </Filter>
  </ItemGroup>
  <ItemGroup>
    <ClInclude Include="Varaint.hpp">
      <Filter>include</Filter>
    </ClInclude>
    <ClInclude Include="Define.h">
      <Filter>include</Filter>
    </ClInclude>
    <ClInclude Include="sqlite3.h">
      <Filter>include</Filter>
    </ClInclude>
    <ClInclude Include="rapidjson\internal\pow10.h">
      <Filter>头文件</Filter>
    </ClInclude>
    <ClInclude Include="rapidjson\internal\stack.h">
      <Filter>头文件</Filter>
    </ClInclude>
    <ClInclude Include="rapidjson\internal\strfunc.h">
      <Filter>头文件</Filter>
    </ClInclude>
    <ClInclude Include="rapidjson\document.h">
      <Filter>头文件</Filter>
    </ClInclude>
    <ClInclude Include="rapidjson\filestream.h">
      <Filter>头文件</Filter>
    </ClInclude>
    <ClInclude Include="rapidjson\prettywriter.h">
      <Filter>头文件</Filter>
    </ClInclude>
    <ClInclude Include="rapidjson\rapidjson.h">
      <Filter>头文件</Filter>
    </ClInclude>
    <ClInclude Include="rapidjson\reader.h">
      <Filter>头文件</Filter>
    </ClInclude>
    <ClInclude Include="rapidjson\stringbuffer.h">
      <Filter>头文件</Filter>
    </ClInclude>
    <ClInclude Include="rapidjson\writer.h">
      <Filter>头文件</Filter>
    </ClInclude>
    <ClInclude Include="BindParams.hpp">
      <Filter>include</Filter>
    </ClInclude>
    <ClInclude Include="Json.hpp">
      <Filter>include</Filter>
    </ClInclude>
    <ClInclude Include="Tuple.hpp">
      <Filter>include</Filter>
    </ClInclude>
    <ClInclude Include="NonCopyable.hpp">
      <Filter>头文件</Filter>
    </ClInclude>
    <ClInclude Include="SmartDB.hpp">
      <Filter>头文件</Filter>
    </ClInclude>
  </ItemGroup>
  <ItemGroup>
    <ClCompile Include="test_sqlite.cpp">
      <Filter>源文件</Filter>
    </ClCompile>
    <ClCompile Include="test_rapidjson.cpp">
      <Filter>源文件</Filter>
    </ClCompile>
    <ClCompile Include="json_helper.h">
      <Filter>include</Filter>
    </ClCompile>
    <ClCompile Include="test_smartdb.cpp">
      <Filter>源文件</Filter>
    </ClCompile>
  </ItemGroup>
</Project>